
Microsoft Visual Studio Solution File, Format Version 12.00
# Visual Studio Version 17
VisualStudioVersion = 17.3.32825.248
MinimumVisualStudioVersion = 10.0.40219.1
Project("{FAE04EC0-301F-11D3-BF4B-00C04F79EFBC}") = "gameoff", "gameoff.csproj", "{32538D71-ECC3-4CB6-892E-E71C5E1649EE}"
EndProject
Global
	GlobalSection(SolutionConfigurationPlatforms) = preSolution
		Debug|Any CPU = Debug|Any CPU
		Release|Any CPU = Release|Any CPU
	EndGlobalSection
	GlobalSection(ProjectConfigurationPlatforms) = postSolution
		{32538D71-ECC3-4CB6-892E-E71C5E1649EE}.Debug|Any CPU.ActiveCfg = Debug|Any CPU
		{32538D71-ECC3-4CB6-892E-E71C5E1649EE}.Debug|Any CPU.Build.0 = Debug|Any CPU
		{32538D71-ECC3-4CB6-892E-E71C5E1649EE}.Release|Any CPU.ActiveCfg = Release|Any CPU
		{32538D71-ECC3-4CB6-892E-E71C5E1649EE}.Release|Any CPU.Build.0 = Release|Any CPU
	EndGlobalSection
	GlobalSection(SolutionProperties) = preSolution
		HideSolutionNode = FALSE
	EndGlobalSection
	GlobalSection(ExtensibilityGlobals) = postSolution
		SolutionGuid = {AF98D664-1A2B-4C34-9B63-0EA1859D97F4}
	EndGlobalSection
EndGlobal
